// !$*UTF8*$!
{
	archiveVersion = 1;
	classes = {
	};
	objectVersion = 51;
	objects = {

/* Begin PBXBuildFile section */
		2C724EEA416352AA902234E7 /* Pods_PenPrntVendor.framework in Frameworks */ = {isa = PBXBuildFile; fileRef = 096EB0425540A8FD2A7F7840 /* Pods_PenPrntVendor.framework */; };
		44780B4E9C63281ED7657D0C /* Pods_PenPrntVendor_PenPrntVendorUITests.framework in Frameworks */ = {isa = PBXBuildFile; fileRef = 9C3AB089B41003B2D827A06F /* Pods_PenPrntVendor_PenPrntVendorUITests.framework */; };
		5DBCDCD2183AC84E6E318F26 /* Pods_PenPrntVendorTests.framework in Frameworks */ = {isa = PBXBuildFile; fileRef = 1D2F59F853722D992C274D3F /* Pods_PenPrntVendorTests.framework */; };
		9606CCD4260DFBF6004EF042 /* GoogleService-Info.plist in Resources */ = {isa = PBXBuildFile; fileRef = 9606CCD3260DFBF6004EF042 /* GoogleService-Info.plist */; };
		9606CD0A260E0E19004EF042 /* UserDefaultManager.swift in Sources */ = {isa = PBXBuildFile; fileRef = 9606CD09260E0E19004EF042 /* UserDefaultManager.swift */; };
		9606CD0F260E0E75004EF042 /* APIRouter.swift in Sources */ = {isa = PBXBuildFile; fileRef = 9606CD0E260E0E75004EF042 /* APIRouter.swift */; };
		9606CD14260E1101004EF042 /* APIManager.swift in Sources */ = {isa = PBXBuildFile; fileRef = 9606CD13260E1101004EF042 /* APIManager.swift */; };
		963605B3262086720085ADC2 /* OrderStatusViewModel.swift in Sources */ = {isa = PBXBuildFile; fileRef = 963605B2262086720085ADC2 /* OrderStatusViewModel.swift */; };
		963605BC26208BE00085ADC2 /* ProductInfoViewModal.swift in Sources */ = {isa = PBXBuildFile; fileRef = 963605BB26208BE00085ADC2 /* ProductInfoViewModal.swift */; };
		963EE288260A78E9003E56DA /* SignInVC.swift in Sources */ = {isa = PBXBuildFile; fileRef = 963EE287260A78E9003E56DA /* SignInVC.swift */; };
		963EE28D260A7932003E56DA /* SignInView.swift in Sources */ = {isa = PBXBuildFile; fileRef = 963EE28C260A7932003E56DA /* SignInView.swift */; };
		963EE2C7260A81E3003E56DA /* UIButton.swift in Sources */ = {isa = PBXBuildFile; fileRef = 963EE2C6260A81E3003E56DA /* UIButton.swift */; };
		963EE2CD260A87BB003E56DA /* SignUpView.swift in Sources */ = {isa = PBXBuildFile; fileRef = 963EE2CC260A87BB003E56DA /* SignUpView.swift */; };
		963EE2D5260A87CB003E56DA /* SignUpVC.swift in Sources */ = {isa = PBXBuildFile; fileRef = 963EE2D4260A87CB003E56DA /* SignUpVC.swift */; };
		9674DCE5262103420078B51C /* productModel.swift in Sources */ = {isa = PBXBuildFile; fileRef = 9674DCE4262103420078B51C /* productModel.swift */; };
		96886C07260BB99E00E154F3 /* MapVC.swift in Sources */ = {isa = PBXBuildFile; fileRef = 96886C06260BB99E00E154F3 /* MapVC.swift */; };
		96886C0F260BB9D200E154F3 /* MapExtension.swift in Sources */ = {isa = PBXBuildFile; fileRef = 96886C0E260BB9D200E154F3 /* MapExtension.swift */; };
		96886C14260BBE3A00E154F3 /* MapVCView.swift in Sources */ = {isa = PBXBuildFile; fileRef = 96886C13260BBE3A00E154F3 /* MapVCView.swift */; };
		96886C1C260BC12600E154F3 /* OrderDetails.storyboard in Resources */ = {isa = PBXBuildFile; fileRef = 96886C1B260BC12600E154F3 /* OrderDetails.storyboard */; };
		96886C22260BC16000E154F3 /* TabBarController.swift in Sources */ = {isa = PBXBuildFile; fileRef = 96886C21260BC16000E154F3 /* TabBarController.swift */; };
		96921831261BA1FE00884CFE /* AuthModal.swift in Sources */ = {isa = PBXBuildFile; fileRef = 96921830261BA1FE00884CFE /* AuthModal.swift */; };
		969A50AB26093951002990FB /* AppDelegate.swift in Sources */ = {isa = PBXBuildFile; fileRef = 969A50AA26093951002990FB /* AppDelegate.swift */; };
		969A50AD26093951002990FB /* SceneDelegate.swift in Sources */ = {isa = PBXBuildFile; fileRef = 969A50AC26093951002990FB /* SceneDelegate.swift */; };
		969A50AF26093951002990FB /* WelcomeVC.swift in Sources */ = {isa = PBXBuildFile; fileRef = 969A50AE26093951002990FB /* WelcomeVC.swift */; };
		969A50B226093951002990FB /* Main.storyboard in Resources */ = {isa = PBXBuildFile; fileRef = 969A50B026093951002990FB /* Main.storyboard */; };
		969A50B426093952002990FB /* Assets.xcassets in Resources */ = {isa = PBXBuildFile; fileRef = 969A50B326093952002990FB /* Assets.xcassets */; };
		969A50B726093952002990FB /* LaunchScreen.storyboard in Resources */ = {isa = PBXBuildFile; fileRef = 969A50B526093952002990FB /* LaunchScreen.storyboard */; };
		969A50C226093952002990FB /* PenPrntVendorTests.swift in Sources */ = {isa = PBXBuildFile; fileRef = 969A50C126093952002990FB /* PenPrntVendorTests.swift */; };
		969A50CD26093952002990FB /* PenPrntVendorUITests.swift in Sources */ = {isa = PBXBuildFile; fileRef = 969A50CC26093952002990FB /* PenPrntVendorUITests.swift */; };
		969A50E8260939E1002990FB /* swiftgen.yml in Resources */ = {isa = PBXBuildFile; fileRef = 969A50E7260939E1002990FB /* swiftgen.yml */; };
		969A50F026093A1A002990FB /* AssetsManager.swift in Sources */ = {isa = PBXBuildFile; fileRef = 969A50EF26093A1A002990FB /* AssetsManager.swift */; };
		969A50FA26093ADB002990FB /* Localizable.strings in Resources */ = {isa = PBXBuildFile; fileRef = 969A50F926093ADB002990FB /* Localizable.strings */; };
		969A50FF26093B0F002990FB /* Strings.swift in Sources */ = {isa = PBXBuildFile; fileRef = 969A50FE26093B0F002990FB /* Strings.swift */; };
		969A510526093B73002990FB /* color.txt in Resources */ = {isa = PBXBuildFile; fileRef = 969A510426093B73002990FB /* color.txt */; };
		969A510D26093B94002990FB /* Colors.swift in Sources */ = {isa = PBXBuildFile; fileRef = 969A510C26093B93002990FB /* Colors.swift */; };
		969A511B260944FB002990FB /* WelcomeView.swift in Sources */ = {isa = PBXBuildFile; fileRef = 969A511A260944FB002990FB /* WelcomeView.swift */; };
		969A512126094662002990FB /* UIView.swift in Sources */ = {isa = PBXBuildFile; fileRef = 969A512026094662002990FB /* UIView.swift */; };
		969A5126260949BB002990FB /* Constants.swift in Sources */ = {isa = PBXBuildFile; fileRef = 969A5125260949BB002990FB /* Constants.swift */; };
		969A512F26094A38002990FB /* UIViewController+Create.swift in Sources */ = {isa = PBXBuildFile; fileRef = 969A512E26094A38002990FB /* UIViewController+Create.swift */; };
		969AFA2A261E566F0053007D /* UIColor.swift in Sources */ = {isa = PBXBuildFile; fileRef = 969AFA29261E566F0053007D /* UIColor.swift */; };
		96A39CBE260F4A40003743F5 /* OrdersVC.swift in Sources */ = {isa = PBXBuildFile; fileRef = 96A39CBD260F4A40003743F5 /* OrdersVC.swift */; };
		96A39CC3260F4A59003743F5 /* OrdersView.swift in Sources */ = {isa = PBXBuildFile; fileRef = 96A39CC2260F4A59003743F5 /* OrdersView.swift */; };
		96A39CC8260F4B0E003743F5 /* OrdersTableViewCell.swift in Sources */ = {isa = PBXBuildFile; fileRef = 96A39CC7260F4B0E003743F5 /* OrdersTableViewCell.swift */; };
		96A39CD2260F50B9003743F5 /* OrderConfirmation.storyboard in Resources */ = {isa = PBXBuildFile; fileRef = 96A39CD1260F50B9003743F5 /* OrderConfirmation.storyboard */; };
		96A39CD8260F6231003743F5 /* OrdersStatusVC.swift in Sources */ = {isa = PBXBuildFile; fileRef = 96A39CD7260F6231003743F5 /* OrdersStatusVC.swift */; };
		96A39CE0260F627A003743F5 /* OrdersStatusView.swift in Sources */ = {isa = PBXBuildFile; fileRef = 96A39CDF260F627A003743F5 /* OrdersStatusView.swift */; };
		96A39CE6260F6369003743F5 /* OrdersStatusTableViewCell.swift in Sources */ = {isa = PBXBuildFile; fileRef = 96A39CE5260F6369003743F5 /* OrdersStatusTableViewCell.swift */; };
		96A39CF4260F8120003743F5 /* ProductsInfo.storyboard in Resources */ = {isa = PBXBuildFile; fileRef = 96A39CF3260F8120003743F5 /* ProductsInfo.storyboard */; };
		96A39CFA260F8F28003743F5 /* ProductInfoVC.swift in Sources */ = {isa = PBXBuildFile; fileRef = 96A39CF9260F8F28003743F5 /* ProductInfoVC.swift */; };
		96A39D02260F8F3D003743F5 /* ProductInfoView.swift in Sources */ = {isa = PBXBuildFile; fileRef = 96A39D01260F8F3D003743F5 /* ProductInfoView.swift */; };
		96C863BF261CCE58004D78BE /* OrderModal.swift in Sources */ = {isa = PBXBuildFile; fileRef = 96C863BE261CCE58004D78BE /* OrderModal.swift */; };
		96C863C5261CD0AE004D78BE /* OrderViewModal.swift in Sources */ = {isa = PBXBuildFile; fileRef = 96C863C4261CD0AE004D78BE /* OrderViewModal.swift */; };
		96E60F5D260D077A001646BF /* LoginPhoneVC.swift in Sources */ = {isa = PBXBuildFile; fileRef = 96E60F5C260D077A001646BF /* LoginPhoneVC.swift */; };
		96E60F65260D078D001646BF /* LoginPhoneView.swift in Sources */ = {isa = PBXBuildFile; fileRef = 96E60F64260D078D001646BF /* LoginPhoneView.swift */; };
		96E60F8C260D151C001646BF /* PhoneVerifyView.swift in Sources */ = {isa = PBXBuildFile; fileRef = 96E60F8B260D151C001646BF /* PhoneVerifyView.swift */; };
		96E60F94260D152C001646BF /* PhoneVerifyVC.swift in Sources */ = {isa = PBXBuildFile; fileRef = 96E60F93260D152C001646BF /* PhoneVerifyVC.swift */; };
		96EA2040261885ED00900CE9 /* MyProductsVC.swift in Sources */ = {isa = PBXBuildFile; fileRef = 96EA203F261885ED00900CE9 /* MyProductsVC.swift */; };
		96EA20452618860200900CE9 /* MyProductsView.swift in Sources */ = {isa = PBXBuildFile; fileRef = 96EA20442618860200900CE9 /* MyProductsView.swift */; };
		96EA204B2618862700900CE9 /* MyProductsTableViewCell.swift in Sources */ = {isa = PBXBuildFile; fileRef = 96EA204A2618862700900CE9 /* MyProductsTableViewCell.swift */; };
		96F2727A2617719E005EC012 /* SignUpViewModal.swift in Sources */ = {isa = PBXBuildFile; fileRef = 96F272792617719E005EC012 /* SignUpViewModal.swift */; };
		96F272AB261777D8005EC012 /* Validator.swift in Sources */ = {isa = PBXBuildFile; fileRef = 96F272AA261777D8005EC012 /* Validator.swift */; };
		96F272B126177AE7005EC012 /* SignInViewModel.swift in Sources */ = {isa = PBXBuildFile; fileRef = 96F272B026177AE7005EC012 /* SignInViewModel.swift */; };
		96F272B726177C3A005EC012 /* WelcomeViewModal.swift in Sources */ = {isa = PBXBuildFile; fileRef = 96F272B626177C3A005EC012 /* WelcomeViewModal.swift */; };
/* End PBXBuildFile section */

/* Begin PBXContainerItemProxy section */
		969A50BE26093952002990FB /* PBXContainerItemProxy */ = {
			isa = PBXContainerItemProxy;
			containerPortal = 969A509F26093951002990FB /* Project object */;
			proxyType = 1;
			remoteGlobalIDString = 969A50A626093951002990FB;
			remoteInfo = PenPrntVendor;
		};
		969A50C926093952002990FB /* PBXContainerItemProxy */ = {
			isa = PBXContainerItemProxy;
			containerPortal = 969A509F26093951002990FB /* Project object */;
			proxyType = 1;
			remoteGlobalIDString = 969A50A626093951002990FB;
			remoteInfo = PenPrntVendor;
		};
/* End PBXContainerItemProxy section */

/* Begin PBXFileReference section */
		096EB0425540A8FD2A7F7840 /* Pods_PenPrntVendor.framework */ = {isa = PBXFileReference; explicitFileType = wrapper.framework; includeInIndex = 0; path = Pods_PenPrntVendor.framework; sourceTree = BUILT_PRODUCTS_DIR; };
		155FC5773B0E4F4900CBE770 /* Pods-PenPrntVendor.release.xcconfig */ = {isa = PBXFileReference; includeInIndex = 1; lastKnownFileType = text.xcconfig; name = "Pods-PenPrntVendor.release.xcconfig"; path = "Target Support Files/Pods-PenPrntVendor/Pods-PenPrntVendor.release.xcconfig"; sourceTree = "<group>"; };
		1D2F59F853722D992C274D3F /* Pods_PenPrntVendorTests.framework */ = {isa = PBXFileReference; explicitFileType = wrapper.framework; includeInIndex = 0; path = Pods_PenPrntVendorTests.framework; sourceTree = BUILT_PRODUCTS_DIR; };
		3514B9E05F0165DFEC3812FE /* Pods-PenPrntVendor-PenPrntVendorUITests.release.xcconfig */ = {isa = PBXFileReference; includeInIndex = 1; lastKnownFileType = text.xcconfig; name = "Pods-PenPrntVendor-PenPrntVendorUITests.release.xcconfig"; path = "Target Support Files/Pods-PenPrntVendor-PenPrntVendorUITests/Pods-PenPrntVendor-PenPrntVendorUITests.release.xcconfig"; sourceTree = "<group>"; };
		608579A19586AA8D4754CB92 /* Pods-PenPrntVendor-PenPrntVendorUITests.debug.xcconfig */ = {isa = PBXFileReference; includeInIndex = 1; lastKnownFileType = text.xcconfig; name = "Pods-PenPrntVendor-PenPrntVendorUITests.debug.xcconfig"; path = "Target Support Files/Pods-PenPrntVendor-PenPrntVendorUITests/Pods-PenPrntVendor-PenPrntVendorUITests.debug.xcconfig"; sourceTree = "<group>"; };
		62ABCB7BFBC7C505CCCB0166 /* Pods-PenPrntVendorTests.debug.xcconfig */ = {isa = PBXFileReference; includeInIndex = 1; lastKnownFileType = text.xcconfig; name = "Pods-PenPrntVendorTests.debug.xcconfig"; path = "Target Support Files/Pods-PenPrntVendorTests/Pods-PenPrntVendorTests.debug.xcconfig"; sourceTree = "<group>"; };
		68E127B5FCD1D981791A7581 /* Pods-PenPrntVendorTests.release.xcconfig */ = {isa = PBXFileReference; includeInIndex = 1; lastKnownFileType = text.xcconfig; name = "Pods-PenPrntVendorTests.release.xcconfig"; path = "Target Support Files/Pods-PenPrntVendorTests/Pods-PenPrntVendorTests.release.xcconfig"; sourceTree = "<group>"; };
		8402BB6B56A20B128188EEC8 /* Pods-PenPrntVendor.debug.xcconfig */ = {isa = PBXFileReference; includeInIndex = 1; lastKnownFileType = text.xcconfig; name = "Pods-PenPrntVendor.debug.xcconfig"; path = "Target Support Files/Pods-PenPrntVendor/Pods-PenPrntVendor.debug.xcconfig"; sourceTree = "<group>"; };
		9606CCD3260DFBF6004EF042 /* GoogleService-Info.plist */ = {isa = PBXFileReference; fileEncoding = 4; lastKnownFileType = text.plist.xml; path = "GoogleService-Info.plist"; sourceTree = "<group>"; };
		9606CD09260E0E19004EF042 /* UserDefaultManager.swift */ = {isa = PBXFileReference; fileEncoding = 4; lastKnownFileType = sourcecode.swift; path = UserDefaultManager.swift; sourceTree = "<group>"; };
		9606CD0E260E0E75004EF042 /* APIRouter.swift */ = {isa = PBXFileReference; fileEncoding = 4; lastKnownFileType = sourcecode.swift; path = APIRouter.swift; sourceTree = "<group>"; };
		9606CD13260E1101004EF042 /* APIManager.swift */ = {isa = PBXFileReference; lastKnownFileType = sourcecode.swift; path = APIManager.swift; sourceTree = "<group>"; };
		963605B2262086720085ADC2 /* OrderStatusViewModel.swift */ = {isa = PBXFileReference; lastKnownFileType = sourcecode.swift; path = OrderStatusViewModel.swift; sourceTree = "<group>"; };
		963605BB26208BE00085ADC2 /* ProductInfoViewModal.swift */ = {isa = PBXFileReference; lastKnownFileType = sourcecode.swift; path = ProductInfoViewModal.swift; sourceTree = "<group>"; };
		963EE287260A78E9003E56DA /* SignInVC.swift */ = {isa = PBXFileReference; lastKnownFileType = sourcecode.swift; path = SignInVC.swift; sourceTree = "<group>"; };
		963EE28C260A7932003E56DA /* SignInView.swift */ = {isa = PBXFileReference; lastKnownFileType = sourcecode.swift; path = SignInView.swift; sourceTree = "<group>"; };
		963EE2C6260A81E3003E56DA /* UIButton.swift */ = {isa = PBXFileReference; lastKnownFileType = sourcecode.swift; path = UIButton.swift; sourceTree = "<group>"; };
		963EE2CC260A87BB003E56DA /* SignUpView.swift */ = {isa = PBXFileReference; lastKnownFileType = sourcecode.swift; path = SignUpView.swift; sourceTree = "<group>"; };
		963EE2D4260A87CB003E56DA /* SignUpVC.swift */ = {isa = PBXFileReference; lastKnownFileType = sourcecode.swift; path = SignUpVC.swift; sourceTree = "<group>"; };
		9674DCE4262103420078B51C /* productModel.swift */ = {isa = PBXFileReference; lastKnownFileType = sourcecode.swift; path = productModel.swift; sourceTree = "<group>"; };
		96886C06260BB99E00E154F3 /* MapVC.swift */ = {isa = PBXFileReference; lastKnownFileType = sourcecode.swift; path = MapVC.swift; sourceTree = "<group>"; };
		96886C0E260BB9D200E154F3 /* MapExtension.swift */ = {isa = PBXFileReference; lastKnownFileType = sourcecode.swift; path = MapExtension.swift; sourceTree = "<group>"; };
		96886C13260BBE3A00E154F3 /* MapVCView.swift */ = {isa = PBXFileReference; lastKnownFileType = sourcecode.swift; path = MapVCView.swift; sourceTree = "<group>"; };
		96886C1B260BC12600E154F3 /* OrderDetails.storyboard */ = {isa = PBXFileReference; lastKnownFileType = file.storyboard; path = OrderDetails.storyboard; sourceTree = "<group>"; };
		96886C21260BC16000E154F3 /* TabBarController.swift */ = {isa = PBXFileReference; fileEncoding = 4; lastKnownFileType = sourcecode.swift; path = TabBarController.swift; sourceTree = "<group>"; };
		96921830261BA1FE00884CFE /* AuthModal.swift */ = {isa = PBXFileReference; lastKnownFileType = sourcecode.swift; path = AuthModal.swift; sourceTree = "<group>"; };
		969A50A726093951002990FB /* PenPrntVendor.app */ = {isa = PBXFileReference; explicitFileType = wrapper.application; includeInIndex = 0; path = PenPrntVendor.app; sourceTree = BUILT_PRODUCTS_DIR; };
		969A50AA26093951002990FB /* AppDelegate.swift */ = {isa = PBXFileReference; lastKnownFileType = sourcecode.swift; path = AppDelegate.swift; sourceTree = "<group>"; };
		969A50AC26093951002990FB /* SceneDelegate.swift */ = {isa = PBXFileReference; lastKnownFileType = sourcecode.swift; path = SceneDelegate.swift; sourceTree = "<group>"; };
		969A50AE26093951002990FB /* WelcomeVC.swift */ = {isa = PBXFileReference; lastKnownFileType = sourcecode.swift; path = WelcomeVC.swift; sourceTree = "<group>"; };
		969A50B126093951002990FB /* Base */ = {isa = PBXFileReference; lastKnownFileType = file.storyboard; name = Base; path = Base.lproj/Main.storyboard; sourceTree = "<group>"; };
		969A50B326093952002990FB /* Assets.xcassets */ = {isa = PBXFileReference; lastKnownFileType = folder.assetcatalog; path = Assets.xcassets; sourceTree = "<group>"; };
		969A50B626093952002990FB /* Base */ = {isa = PBXFileReference; lastKnownFileType = file.storyboard; name = Base; path = Base.lproj/LaunchScreen.storyboard; sourceTree = "<group>"; };
		969A50B826093952002990FB /* Info.plist */ = {isa = PBXFileReference; lastKnownFileType = text.plist.xml; path = Info.plist; sourceTree = "<group>"; };
		969A50BD26093952002990FB /* PenPrntVendorTests.xctest */ = {isa = PBXFileReference; explicitFileType = wrapper.cfbundle; includeInIndex = 0; path = PenPrntVendorTests.xctest; sourceTree = BUILT_PRODUCTS_DIR; };
		969A50C126093952002990FB /* PenPrntVendorTests.swift */ = {isa = PBXFileReference; lastKnownFileType = sourcecode.swift; path = PenPrntVendorTests.swift; sourceTree = "<group>"; };
		969A50C326093952002990FB /* Info.plist */ = {isa = PBXFileReference; lastKnownFileType = text.plist.xml; path = Info.plist; sourceTree = "<group>"; };
		969A50C826093952002990FB /* PenPrntVendorUITests.xctest */ = {isa = PBXFileReference; explicitFileType = wrapper.cfbundle; includeInIndex = 0; path = PenPrntVendorUITests.xctest; sourceTree = BUILT_PRODUCTS_DIR; };
		969A50CC26093952002990FB /* PenPrntVendorUITests.swift */ = {isa = PBXFileReference; lastKnownFileType = sourcecode.swift; path = PenPrntVendorUITests.swift; sourceTree = "<group>"; };
		969A50CE26093952002990FB /* Info.plist */ = {isa = PBXFileReference; lastKnownFileType = text.plist.xml; path = Info.plist; sourceTree = "<group>"; };
		969A50E7260939E1002990FB /* swiftgen.yml */ = {isa = PBXFileReference; lastKnownFileType = text.yaml; path = swiftgen.yml; sourceTree = "<group>"; };
		969A50EF26093A1A002990FB /* AssetsManager.swift */ = {isa = PBXFileReference; fileEncoding = 4; lastKnownFileType = sourcecode.swift; path = AssetsManager.swift; sourceTree = "<group>"; };
		969A50F926093ADB002990FB /* Localizable.strings */ = {isa = PBXFileReference; lastKnownFileType = text.plist.strings; path = Localizable.strings; sourceTree = "<group>"; };
		969A50FE26093B0F002990FB /* Strings.swift */ = {isa = PBXFileReference; fileEncoding = 4; lastKnownFileType = sourcecode.swift; path = Strings.swift; sourceTree = "<group>"; };
		969A510426093B73002990FB /* color.txt */ = {isa = PBXFileReference; lastKnownFileType = text; path = color.txt; sourceTree = "<group>"; };
		969A510C26093B93002990FB /* Colors.swift */ = {isa = PBXFileReference; fileEncoding = 4; lastKnownFileType = sourcecode.swift; path = Colors.swift; sourceTree = "<group>"; };
		969A511A260944FB002990FB /* WelcomeView.swift */ = {isa = PBXFileReference; lastKnownFileType = sourcecode.swift; path = WelcomeView.swift; sourceTree = "<group>"; };
		969A512026094662002990FB /* UIView.swift */ = {isa = PBXFileReference; lastKnownFileType = sourcecode.swift; path = UIView.swift; sourceTree = "<group>"; };
		969A5125260949BB002990FB /* Constants.swift */ = {isa = PBXFileReference; lastKnownFileType = sourcecode.swift; path = Constants.swift; sourceTree = "<group>"; };
		969A512E26094A38002990FB /* UIViewController+Create.swift */ = {isa = PBXFileReference; lastKnownFileType = sourcecode.swift; path = "UIViewController+Create.swift"; sourceTree = "<group>"; };
		969AFA29261E566F0053007D /* UIColor.swift */ = {isa = PBXFileReference; lastKnownFileType = sourcecode.swift; path = UIColor.swift; sourceTree = "<group>"; };
		96A39CBD260F4A40003743F5 /* OrdersVC.swift */ = {isa = PBXFileReference; lastKnownFileType = sourcecode.swift; path = OrdersVC.swift; sourceTree = "<group>"; };
		96A39CC2260F4A59003743F5 /* OrdersView.swift */ = {isa = PBXFileReference; lastKnownFileType = sourcecode.swift; path = OrdersView.swift; sourceTree = "<group>"; };
		96A39CC7260F4B0E003743F5 /* OrdersTableViewCell.swift */ = {isa = PBXFileReference; lastKnownFileType = sourcecode.swift; path = OrdersTableViewCell.swift; sourceTree = "<group>"; };
		96A39CD1260F50B9003743F5 /* OrderConfirmation.storyboard */ = {isa = PBXFileReference; lastKnownFileType = file.storyboard; path = OrderConfirmation.storyboard; sourceTree = "<group>"; };
		96A39CD7260F6231003743F5 /* OrdersStatusVC.swift */ = {isa = PBXFileReference; lastKnownFileType = sourcecode.swift; path = OrdersStatusVC.swift; sourceTree = "<group>"; };
		96A39CDF260F627A003743F5 /* OrdersStatusView.swift */ = {isa = PBXFileReference; lastKnownFileType = sourcecode.swift; path = OrdersStatusView.swift; sourceTree = "<group>"; };
		96A39CE5260F6369003743F5 /* OrdersStatusTableViewCell.swift */ = {isa = PBXFileReference; lastKnownFileType = sourcecode.swift; path = OrdersStatusTableViewCell.swift; sourceTree = "<group>"; };
		96A39CF3260F8120003743F5 /* ProductsInfo.storyboard */ = {isa = PBXFileReference; lastKnownFileType = file.storyboard; path = ProductsInfo.storyboard; sourceTree = "<group>"; };
		96A39CF9260F8F28003743F5 /* ProductInfoVC.swift */ = {isa = PBXFileReference; lastKnownFileType = sourcecode.swift; path = ProductInfoVC.swift; sourceTree = "<group>"; };
		96A39D01260F8F3D003743F5 /* ProductInfoView.swift */ = {isa = PBXFileReference; lastKnownFileType = sourcecode.swift; path = ProductInfoView.swift; sourceTree = "<group>"; };
		96C863BE261CCE58004D78BE /* OrderModal.swift */ = {isa = PBXFileReference; lastKnownFileType = sourcecode.swift; path = OrderModal.swift; sourceTree = "<group>"; };
		96C863C4261CD0AE004D78BE /* OrderViewModal.swift */ = {isa = PBXFileReference; lastKnownFileType = sourcecode.swift; path = OrderViewModal.swift; sourceTree = "<group>"; };
		96E60F5C260D077A001646BF /* LoginPhoneVC.swift */ = {isa = PBXFileReference; lastKnownFileType = sourcecode.swift; path = LoginPhoneVC.swift; sourceTree = "<group>"; };
		96E60F64260D078D001646BF /* LoginPhoneView.swift */ = {isa = PBXFileReference; lastKnownFileType = sourcecode.swift; path = LoginPhoneView.swift; sourceTree = "<group>"; };
		96E60F8B260D151C001646BF /* PhoneVerifyView.swift */ = {isa = PBXFileReference; lastKnownFileType = sourcecode.swift; path = PhoneVerifyView.swift; sourceTree = "<group>"; };
		96E60F93260D152C001646BF /* PhoneVerifyVC.swift */ = {isa = PBXFileReference; lastKnownFileType = sourcecode.swift; path = PhoneVerifyVC.swift; sourceTree = "<group>"; };
		96EA203F261885ED00900CE9 /* MyProductsVC.swift */ = {isa = PBXFileReference; lastKnownFileType = sourcecode.swift; path = MyProductsVC.swift; sourceTree = "<group>"; };
		96EA20442618860200900CE9 /* MyProductsView.swift */ = {isa = PBXFileReference; lastKnownFileType = sourcecode.swift; path = MyProductsView.swift; sourceTree = "<group>"; };
		96EA204A2618862700900CE9 /* MyProductsTableViewCell.swift */ = {isa = PBXFileReference; lastKnownFileType = sourcecode.swift; path = MyProductsTableViewCell.swift; sourceTree = "<group>"; };
		96F272792617719E005EC012 /* SignUpViewModal.swift */ = {isa = PBXFileReference; lastKnownFileType = sourcecode.swift; path = SignUpViewModal.swift; sourceTree = "<group>"; };
		96F272AA261777D8005EC012 /* Validator.swift */ = {isa = PBXFileReference; fileEncoding = 4; lastKnownFileType = sourcecode.swift; path = Validator.swift; sourceTree = "<group>"; };
		96F272B026177AE7005EC012 /* SignInViewModel.swift */ = {isa = PBXFileReference; lastKnownFileType = sourcecode.swift; path = SignInViewModel.swift; sourceTree = "<group>"; };
		96F272B626177C3A005EC012 /* WelcomeViewModal.swift */ = {isa = PBXFileReference; lastKnownFileType = sourcecode.swift; path = WelcomeViewModal.swift; sourceTree = "<group>"; };
		9C3AB089B41003B2D827A06F /* Pods_PenPrntVendor_PenPrntVendorUITests.framework */ = {isa = PBXFileReference; explicitFileType = wrapper.framework; includeInIndex = 0; path = Pods_PenPrntVendor_PenPrntVendorUITests.framework; sourceTree = BUILT_PRODUCTS_DIR; };
/* End PBXFileReference section */

/* Begin PBXFrameworksBuildPhase section */
		969A50A426093951002990FB /* Frameworks */ = {
			isa = PBXFrameworksBuildPhase;
			buildActionMask = 2147483647;
			files = (
				2C724EEA416352AA902234E7 /* Pods_PenPrntVendor.framework in Frameworks */,
			);
			runOnlyForDeploymentPostprocessing = 0;
		};
		969A50BA26093952002990FB /* Frameworks */ = {
			isa = PBXFrameworksBuildPhase;
			buildActionMask = 2147483647;
			files = (
				5DBCDCD2183AC84E6E318F26 /* Pods_PenPrntVendorTests.framework in Frameworks */,
			);
			runOnlyForDeploymentPostprocessing = 0;
		};
		969A50C526093952002990FB /* Frameworks */ = {
			isa = PBXFrameworksBuildPhase;
			buildActionMask = 2147483647;
			files = (
				44780B4E9C63281ED7657D0C /* Pods_PenPrntVendor_PenPrntVendorUITests.framework in Frameworks */,
			);
			runOnlyForDeploymentPostprocessing = 0;
		};
/* End PBXFrameworksBuildPhase section */

/* Begin PBXGroup section */
		3F995548B92CCE3C338AD6FD /* Pods */ = {
			isa = PBXGroup;
			children = (
				8402BB6B56A20B128188EEC8 /* Pods-PenPrntVendor.debug.xcconfig */,
				155FC5773B0E4F4900CBE770 /* Pods-PenPrntVendor.release.xcconfig */,
				608579A19586AA8D4754CB92 /* Pods-PenPrntVendor-PenPrntVendorUITests.debug.xcconfig */,
				3514B9E05F0165DFEC3812FE /* Pods-PenPrntVendor-PenPrntVendorUITests.release.xcconfig */,
				62ABCB7BFBC7C505CCCB0166 /* Pods-PenPrntVendorTests.debug.xcconfig */,
				68E127B5FCD1D981791A7581 /* Pods-PenPrntVendorTests.release.xcconfig */,
			);
			path = Pods;
			sourceTree = "<group>";
		};
		9606CD08260E0DFB004EF042 /* Manager */ = {
			isa = PBXGroup;
			children = (
				9606CD0E260E0E75004EF042 /* APIRouter.swift */,
				9606CD13260E1101004EF042 /* APIManager.swift */,
				9606CD09260E0E19004EF042 /* UserDefaultManager.swift */,
				96F272AA261777D8005EC012 /* Validator.swift */,
			);
			path = Manager;
			sourceTree = "<group>";
		};
		963605B12620865E0085ADC2 /* OrderStatus */ = {
			isa = PBXGroup;
			children = (
				963605B2262086720085ADC2 /* OrderStatusViewModel.swift */,
			);
			path = OrderStatus;
			sourceTree = "<group>";
		};
		963605BA26208BBC0085ADC2 /* ProductInfo */ = {
			isa = PBXGroup;
			children = (
				963605BB26208BE00085ADC2 /* ProductInfoViewModal.swift */,
			);
			path = ProductInfo;
			sourceTree = "<group>";
		};
		963EE286260A78CB003E56DA /* SignIn */ = {
			isa = PBXGroup;
			children = (
				963EE287260A78E9003E56DA /* SignInVC.swift */,
				963EE28C260A7932003E56DA /* SignInView.swift */,
			);
			path = SignIn;
			sourceTree = "<group>";
		};
		963EE2CB260A87A0003E56DA /* SignUp */ = {
			isa = PBXGroup;
			children = (
				963EE2D4260A87CB003E56DA /* SignUpVC.swift */,
				963EE2CC260A87BB003E56DA /* SignUpView.swift */,
			);
			path = SignUp;
			sourceTree = "<group>";
		};
		96886C05260BB98A00E154F3 /* Map */ = {
			isa = PBXGroup;
			children = (
				96886C06260BB99E00E154F3 /* MapVC.swift */,
				96886C0E260BB9D200E154F3 /* MapExtension.swift */,
				96886C13260BBE3A00E154F3 /* MapVCView.swift */,
			);
			path = Map;
			sourceTree = "<group>";
		};
		96886C20260BC14C00E154F3 /* TabBar */ = {
			isa = PBXGroup;
			children = (
				96886C21260BC16000E154F3 /* TabBarController.swift */,
			);
			path = TabBar;
			sourceTree = "<group>";
		};
		96921826261BA1E500884CFE /* Modal */ = {
			isa = PBXGroup;
			children = (
				96921830261BA1FE00884CFE /* AuthModal.swift */,
				96C863BE261CCE58004D78BE /* OrderModal.swift */,
				9674DCE4262103420078B51C /* productModel.swift */,
			);
			path = Modal;
			sourceTree = "<group>";
		};
		969A509E26093951002990FB = {
			isa = PBXGroup;
			children = (
				969A50E7260939E1002990FB /* swiftgen.yml */,
				969A50A926093951002990FB /* PenPrntVendor */,
				969A50C026093952002990FB /* PenPrntVendorTests */,
				969A50CB26093952002990FB /* PenPrntVendorUITests */,
				969A50A826093951002990FB /* Products */,
				3F995548B92CCE3C338AD6FD /* Pods */,
				BEC93398AF3A427FAF275635 /* Frameworks */,
			);
			sourceTree = "<group>";
		};
		969A50A826093951002990FB /* Products */ = {
			isa = PBXGroup;
			children = (
				969A50A726093951002990FB /* PenPrntVendor.app */,
				969A50BD26093952002990FB /* PenPrntVendorTests.xctest */,
				969A50C826093952002990FB /* PenPrntVendorUITests.xctest */,
			);
			name = Products;
			sourceTree = "<group>";
		};
		969A50A926093951002990FB /* PenPrntVendor */ = {
			isa = PBXGroup;
			children = (
				969A50F426093A6E002990FB /* Shared */,
				969A511F26094643002990FB /* Extension */,
				969A512A26094A18002990FB /* Utilities */,
				96921826261BA1E500884CFE /* Modal */,
				9606CD08260E0DFB004EF042 /* Manager */,
				969A5115260944C6002990FB /* Views */,
				96F272772617717F005EC012 /* ViewModal */,
				969A511126093BC0002990FB /* Storyboards */,
				969A50DD2609395B002990FB /* Resources */,
				969A50B526093952002990FB /* LaunchScreen.storyboard */,
				969A50B826093952002990FB /* Info.plist */,
				9606CCD3260DFBF6004EF042 /* GoogleService-Info.plist */,
			);
			path = PenPrntVendor;
			sourceTree = "<group>";
		};
		969A50C026093952002990FB /* PenPrntVendorTests */ = {
			isa = PBXGroup;
			children = (
				969A50C126093952002990FB /* PenPrntVendorTests.swift */,
				969A50C326093952002990FB /* Info.plist */,
			);
			path = PenPrntVendorTests;
			sourceTree = "<group>";
		};
		969A50CB26093952002990FB /* PenPrntVendorUITests */ = {
			isa = PBXGroup;
			children = (
				969A50CC26093952002990FB /* PenPrntVendorUITests.swift */,
				969A50CE26093952002990FB /* Info.plist */,
			);
			path = PenPrntVendorUITests;
			sourceTree = "<group>";
		};
		969A50DD2609395B002990FB /* Resources */ = {
			isa = PBXGroup;
			children = (
				969A510326093B5E002990FB /* Colors */,
				969A50F826093AB0002990FB /* Strings */,
				969A50DE26093963002990FB /* Assets */,
			);
			path = Resources;
			sourceTree = "<group>";
		};
		969A50DE26093963002990FB /* Assets */ = {
			isa = PBXGroup;
			children = (
				969A50B326093952002990FB /* Assets.xcassets */,
				969A50EF26093A1A002990FB /* AssetsManager.swift */,
			);
			path = Assets;
			sourceTree = "<group>";
		};
		969A50F426093A6E002990FB /* Shared */ = {
			isa = PBXGroup;
			children = (
				969A50AA26093951002990FB /* AppDelegate.swift */,
				969A50AC26093951002990FB /* SceneDelegate.swift */,
			);
			path = Shared;
			sourceTree = "<group>";
		};
		969A50F826093AB0002990FB /* Strings */ = {
			isa = PBXGroup;
			children = (
				969A50F926093ADB002990FB /* Localizable.strings */,
				969A50FE26093B0F002990FB /* Strings.swift */,
			);
			path = Strings;
			sourceTree = "<group>";
		};
		969A510326093B5E002990FB /* Colors */ = {
			isa = PBXGroup;
			children = (
				969A510426093B73002990FB /* color.txt */,
				969A510C26093B93002990FB /* Colors.swift */,
			);
			path = Colors;
			sourceTree = "<group>";
		};
		969A511126093BC0002990FB /* Storyboards */ = {
			isa = PBXGroup;
			children = (
				969A50B026093951002990FB /* Main.storyboard */,
				96886C1B260BC12600E154F3 /* OrderDetails.storyboard */,
				96A39CD1260F50B9003743F5 /* OrderConfirmation.storyboard */,
				96A39CF3260F8120003743F5 /* ProductsInfo.storyboard */,
			);
			path = Storyboards;
			sourceTree = "<group>";
		};
		969A5115260944C6002990FB /* Views */ = {
			isa = PBXGroup;
			children = (
				969A5116260944DB002990FB /* Welcome */,
				963EE286260A78CB003E56DA /* SignIn */,
				963EE2CB260A87A0003E56DA /* SignUp */,
				96886C05260BB98A00E154F3 /* Map */,
				96E60F5B260D0748001646BF /* PhoneAuth */,
				96E60F8A260D14FD001646BF /* PhoneVerification */,
				96886C20260BC14C00E154F3 /* TabBar */,
				96A39CBC260F49ED003743F5 /* OrdersVC */,
				96A39CD6260F6207003743F5 /* OrdersStatus */,
				96A39CF8260F8EEF003743F5 /* ProductInformaction */,
				96EA203E261885BC00900CE9 /* MyProducts */,
			);
			path = Views;
			sourceTree = "<group>";
		};
		969A5116260944DB002990FB /* Welcome */ = {
			isa = PBXGroup;
			children = (
				969A50AE26093951002990FB /* WelcomeVC.swift */,
				969A511A260944FB002990FB /* WelcomeView.swift */,
			);
			path = Welcome;
			sourceTree = "<group>";
		};
		969A511F26094643002990FB /* Extension */ = {
			isa = PBXGroup;
			children = (
				969A512026094662002990FB /* UIView.swift */,
				969A512E26094A38002990FB /* UIViewController+Create.swift */,
				963EE2C6260A81E3003E56DA /* UIButton.swift */,
				969AFA29261E566F0053007D /* UIColor.swift */,
			);
			path = Extension;
			sourceTree = "<group>";
		};
		969A512A26094A18002990FB /* Utilities */ = {
			isa = PBXGroup;
			children = (
				969A5125260949BB002990FB /* Constants.swift */,
			);
			path = Utilities;
			sourceTree = "<group>";
		};
		96A39CBC260F49ED003743F5 /* OrdersVC */ = {
			isa = PBXGroup;
			children = (
				96A39CBD260F4A40003743F5 /* OrdersVC.swift */,
				96A39CC2260F4A59003743F5 /* OrdersView.swift */,
				96A39CCD260F4B19003743F5 /* TableViewCell */,
			);
			path = OrdersVC;
			sourceTree = "<group>";
		};
		96A39CCD260F4B19003743F5 /* TableViewCell */ = {
			isa = PBXGroup;
			children = (
				96A39CC7260F4B0E003743F5 /* OrdersTableViewCell.swift */,
			);
			path = TableViewCell;
			sourceTree = "<group>";
		};
		96A39CD6260F6207003743F5 /* OrdersStatus */ = {
			isa = PBXGroup;
			children = (
				96A39CD7260F6231003743F5 /* OrdersStatusVC.swift */,
				96A39CDF260F627A003743F5 /* OrdersStatusView.swift */,
				96A39CE4260F6354003743F5 /* OrdersStatusCell */,
			);
			path = OrdersStatus;
			sourceTree = "<group>";
		};
		96A39CE4260F6354003743F5 /* OrdersStatusCell */ = {
			isa = PBXGroup;
			children = (
				96A39CE5260F6369003743F5 /* OrdersStatusTableViewCell.swift */,
			);
			path = OrdersStatusCell;
			sourceTree = "<group>";
		};
		96A39CF8260F8EEF003743F5 /* ProductInformaction */ = {
			isa = PBXGroup;
			children = (
				96A39CF9260F8F28003743F5 /* ProductInfoVC.swift */,
				96A39D01260F8F3D003743F5 /* ProductInfoView.swift */,
			);
			path = ProductInformaction;
			sourceTree = "<group>";
		};
		96C863C3261CD095004D78BE /* Order */ = {
			isa = PBXGroup;
			children = (
				96C863C4261CD0AE004D78BE /* OrderViewModal.swift */,
			);
			path = Order;
			sourceTree = "<group>";
		};
		96E60F5B260D0748001646BF /* PhoneAuth */ = {
			isa = PBXGroup;
			children = (
				96E60F5C260D077A001646BF /* LoginPhoneVC.swift */,
				96E60F64260D078D001646BF /* LoginPhoneView.swift */,
			);
			path = PhoneAuth;
			sourceTree = "<group>";
		};
		96E60F8A260D14FD001646BF /* PhoneVerification */ = {
			isa = PBXGroup;
			children = (
				96E60F93260D152C001646BF /* PhoneVerifyVC.swift */,
				96E60F8B260D151C001646BF /* PhoneVerifyView.swift */,
			);
			path = PhoneVerification;
			sourceTree = "<group>";
		};
		96EA203E261885BC00900CE9 /* MyProducts */ = {
			isa = PBXGroup;
			children = (
				96EA203F261885ED00900CE9 /* MyProductsVC.swift */,
				96EA20442618860200900CE9 /* MyProductsView.swift */,
				96EA20492618860E00900CE9 /* MyProductsCell */,
			);
			path = MyProducts;
			sourceTree = "<group>";
		};
		96EA20492618860E00900CE9 /* MyProductsCell */ = {
			isa = PBXGroup;
			children = (
				96EA204A2618862700900CE9 /* MyProductsTableViewCell.swift */,
			);
			path = MyProductsCell;
			sourceTree = "<group>";
		};
		96F272772617717F005EC012 /* ViewModal */ = {
			isa = PBXGroup;
			children = (
				96F272B526177C26005EC012 /* Welcome */,
				96F272AF26177AD2005EC012 /* SignIn */,
				96F272782617718C005EC012 /* SignUp */,
				96C863C3261CD095004D78BE /* Order */,
				963605B12620865E0085ADC2 /* OrderStatus */,
				963605BA26208BBC0085ADC2 /* ProductInfo */,
			);
			path = ViewModal;
			sourceTree = "<group>";
		};
		96F272782617718C005EC012 /* SignUp */ = {
			isa = PBXGroup;
			children = (
				96F272792617719E005EC012 /* SignUpViewModal.swift */,
			);
			path = SignUp;
			sourceTree = "<group>";
		};
		96F272AF26177AD2005EC012 /* SignIn */ = {
			isa = PBXGroup;
			children = (
				96F272B026177AE7005EC012 /* SignInViewModel.swift */,
			);
			path = SignIn;
			sourceTree = "<group>";
		};
		96F272B526177C26005EC012 /* Welcome */ = {
			isa = PBXGroup;
			children = (
				96F272B626177C3A005EC012 /* WelcomeViewModal.swift */,
			);
			path = Welcome;
			sourceTree = "<group>";
		};
		BEC93398AF3A427FAF275635 /* Frameworks */ = {
			isa = PBXGroup;
			children = (
				096EB0425540A8FD2A7F7840 /* Pods_PenPrntVendor.framework */,
				9C3AB089B41003B2D827A06F /* Pods_PenPrntVendor_PenPrntVendorUITests.framework */,
				1D2F59F853722D992C274D3F /* Pods_PenPrntVendorTests.framework */,
			);
			name = Frameworks;
			sourceTree = "<group>";
		};
/* End PBXGroup section */

/* Begin PBXNativeTarget section */
		969A50A626093951002990FB /* PenPrntVendor */ = {
			isa = PBXNativeTarget;
			buildConfigurationList = 969A50D126093952002990FB /* Build configuration list for PBXNativeTarget "PenPrntVendor" */;
			buildPhases = (
				4999B320A31C91CC6CED8827 /* [CP] Check Pods Manifest.lock */,
				969A50E6260939B1002990FB /* SwiftGen */,
				969A50A326093951002990FB /* Sources */,
				969A50A426093951002990FB /* Frameworks */,
				969A50A526093951002990FB /* Resources */,
				4EB4CD3DD8805BB705C02C2B /* [CP] Embed Pods Frameworks */,
				C881C2E396837C213D8C4E2C /* [CP] Copy Pods Resources */,
			);
			buildRules = (
			);
			dependencies = (
			);
			name = PenPrntVendor;
			productName = PenPrntVendor;
			productReference = 969A50A726093951002990FB /* PenPrntVendor.app */;
			productType = "com.apple.product-type.application";
		};
		969A50BC26093952002990FB /* PenPrntVendorTests */ = {
			isa = PBXNativeTarget;
			buildConfigurationList = 969A50D426093952002990FB /* Build configuration list for PBXNativeTarget "PenPrntVendorTests" */;
			buildPhases = (
				E0786C3E37D6CF3796810173 /* [CP] Check Pods Manifest.lock */,
				969A50B926093952002990FB /* Sources */,
				969A50BA26093952002990FB /* Frameworks */,
				969A50BB26093952002990FB /* Resources */,
			);
			buildRules = (
			);
			dependencies = (
				969A50BF26093952002990FB /* PBXTargetDependency */,
			);
			name = PenPrntVendorTests;
			productName = PenPrntVendorTests;
			productReference = 969A50BD26093952002990FB /* PenPrntVendorTests.xctest */;
			productType = "com.apple.product-type.bundle.unit-test";
		};
		969A50C726093952002990FB /* PenPrntVendorUITests */ = {
			isa = PBXNativeTarget;
			buildConfigurationList = 969A50D726093952002990FB /* Build configuration list for PBXNativeTarget "PenPrntVendorUITests" */;
			buildPhases = (
				7B9F1BC183AC5472DD8C3CB3 /* [CP] Check Pods Manifest.lock */,
				969A50C426093952002990FB /* Sources */,
				969A50C526093952002990FB /* Frameworks */,
				969A50C626093952002990FB /* Resources */,
				A3A103380A2F85ECCA371A3F /* [CP] Embed Pods Frameworks */,
				A517487A06AC8461F50E505B /* [CP] Copy Pods Resources */,
			);
			buildRules = (
			);
			dependencies = (
				969A50CA26093952002990FB /* PBXTargetDependency */,
			);
			name = PenPrntVendorUITests;
			productName = PenPrntVendorUITests;
			productReference = 969A50C826093952002990FB /* PenPrntVendorUITests.xctest */;
			productType = "com.apple.product-type.bundle.ui-testing";
		};
/* End PBXNativeTarget section */

/* Begin PBXProject section */
		969A509F26093951002990FB /* Project object */ = {
			isa = PBXProject;
			attributes = {
				LastSwiftUpdateCheck = 1240;
				LastUpgradeCheck = 1240;
				TargetAttributes = {
					969A50A626093951002990FB = {
						CreatedOnToolsVersion = 12.4;
					};
					969A50BC26093952002990FB = {
						CreatedOnToolsVersion = 12.4;
						TestTargetID = 969A50A626093951002990FB;
					};
					969A50C726093952002990FB = {
						CreatedOnToolsVersion = 12.4;
						TestTargetID = 969A50A626093951002990FB;
					};
				};
			};
			buildConfigurationList = 969A50A226093951002990FB /* Build configuration list for PBXProject "PenPrntVendor" */;
			compatibilityVersion = "Xcode 9.3";
			developmentRegion = en;
			hasScannedForEncodings = 0;
			knownRegions = (
				en,
				Base,
			);
			mainGroup = 969A509E26093951002990FB;
			productRefGroup = 969A50A826093951002990FB /* Products */;
			projectDirPath = "";
			projectRoot = "";
			targets = (
				969A50A626093951002990FB /* PenPrntVendor */,
				969A50BC26093952002990FB /* PenPrntVendorTests */,
				969A50C726093952002990FB /* PenPrntVendorUITests */,
			);
		};
/* End PBXProject section */

/* Begin PBXResourcesBuildPhase section */
		969A50A526093951002990FB /* Resources */ = {
			isa = PBXResourcesBuildPhase;
			buildActionMask = 2147483647;
			files = (
				969A510526093B73002990FB /* color.txt in Resources */,
				9606CCD4260DFBF6004EF042 /* GoogleService-Info.plist in Resources */,
				969A50FA26093ADB002990FB /* Localizable.strings in Resources */,
				96886C1C260BC12600E154F3 /* OrderDetails.storyboard in Resources */,
				969A50B726093952002990FB /* LaunchScreen.storyboard in Resources */,
				969A50B426093952002990FB /* Assets.xcassets in Resources */,
				96A39CF4260F8120003743F5 /* ProductsInfo.storyboard in Resources */,
				96A39CD2260F50B9003743F5 /* OrderConfirmation.storyboard in Resources */,
				969A50B226093951002990FB /* Main.storyboard in Resources */,
				969A50E8260939E1002990FB /* swiftgen.yml in Resources */,
			);
			runOnlyForDeploymentPostprocessing = 0;
		};
		969A50BB26093952002990FB /* Resources */ = {
			isa = PBXResourcesBuildPhase;
			buildActionMask = 2147483647;
			files = (
			);
			runOnlyForDeploymentPostprocessing = 0;
		};
		969A50C626093952002990FB /* Resources */ = {
			isa = PBXResourcesBuildPhase;
			buildActionMask = 2147483647;
			files = (
			);
			runOnlyForDeploymentPostprocessing = 0;
		};
/* End PBXResourcesBuildPhase section */

/* Begin PBXShellScriptBuildPhase section */
		4999B320A31C91CC6CED8827 /* [CP] Check Pods Manifest.lock */ = {
			isa = PBXShellScriptBuildPhase;
			buildActionMask = 2147483647;
			files = (
			);
			inputFileListPaths = (
			);
			inputPaths = (
				"${PODS_PODFILE_DIR_PATH}/Podfile.lock",
				"${PODS_ROOT}/Manifest.lock",
			);
			name = "[CP] Check Pods Manifest.lock";
			outputFileListPaths = (
			);
			outputPaths = (
				"$(DERIVED_FILE_DIR)/Pods-PenPrntVendor-checkManifestLockResult.txt",
			);
			runOnlyForDeploymentPostprocessing = 0;
			shellPath = /bin/sh;
			shellScript = "diff \"${PODS_PODFILE_DIR_PATH}/Podfile.lock\" \"${PODS_ROOT}/Manifest.lock\" > /dev/null\nif [ $? != 0 ] ; then\n    # print error to STDERR\n    echo \"error: The sandbox is not in sync with the Podfile.lock. Run 'pod install' or update your CocoaPods installation.\" >&2\n    exit 1\nfi\n# This output is used by Xcode 'outputs' to avoid re-running this script phase.\necho \"SUCCESS\" > \"${SCRIPT_OUTPUT_FILE_0}\"\n";
			showEnvVarsInLog = 0;
		};
		4EB4CD3DD8805BB705C02C2B /* [CP] Embed Pods Frameworks */ = {
			isa = PBXShellScriptBuildPhase;
			buildActionMask = 2147483647;
			files = (
			);
			inputFileListPaths = (
				"${PODS_ROOT}/Target Support Files/Pods-PenPrntVendor/Pods-PenPrntVendor-frameworks-${CONFIGURATION}-input-files.xcfilelist",
			);
			name = "[CP] Embed Pods Frameworks";
			outputFileListPaths = (
				"${PODS_ROOT}/Target Support Files/Pods-PenPrntVendor/Pods-PenPrntVendor-frameworks-${CONFIGURATION}-output-files.xcfilelist",
			);
			runOnlyForDeploymentPostprocessing = 0;
			shellPath = /bin/sh;
			shellScript = "\"${PODS_ROOT}/Target Support Files/Pods-PenPrntVendor/Pods-PenPrntVendor-frameworks.sh\"\n";
			showEnvVarsInLog = 0;
		};
		7B9F1BC183AC5472DD8C3CB3 /* [CP] Check Pods Manifest.lock */ = {
			isa = PBXShellScriptBuildPhase;
			buildActionMask = 2147483647;
			files = (
			);
			inputFileListPaths = (
			);
			inputPaths = (
				"${PODS_PODFILE_DIR_PATH}/Podfile.lock",
				"${PODS_ROOT}/Manifest.lock",
			);
			name = "[CP] Check Pods Manifest.lock";
			outputFileListPaths = (
			);
			outputPaths = (
				"$(DERIVED_FILE_DIR)/Pods-PenPrntVendor-PenPrntVendorUITests-checkManifestLockResult.txt",
			);
			runOnlyForDeploymentPostprocessing = 0;
			shellPath = /bin/sh;
			shellScript = "diff \"${PODS_PODFILE_DIR_PATH}/Podfile.lock\" \"${PODS_ROOT}/Manifest.lock\" > /dev/null\nif [ $? != 0 ] ; then\n    # print error to STDERR\n    echo \"error: The sandbox is not in sync with the Podfile.lock. Run 'pod install' or update your CocoaPods installation.\" >&2\n    exit 1\nfi\n# This output is used by Xcode 'outputs' to avoid re-running this script phase.\necho \"SUCCESS\" > \"${SCRIPT_OUTPUT_FILE_0}\"\n";
			showEnvVarsInLog = 0;
		};
		969A50E6260939B1002990FB /* SwiftGen */ = {
			isa = PBXShellScriptBuildPhase;
			buildActionMask = 2147483647;
			files = (
			);
			inputFileListPaths = (
			);
			inputPaths = (
			);
			name = SwiftGen;
			outputFileListPaths = (
			);
			outputPaths = (
			);
			runOnlyForDeploymentPostprocessing = 0;
			shellPath = /bin/sh;
			shellScript = "# Type a script or drag a script file from your workspace to insert its path.\n$PODS_ROOT/SwiftGen/bin/swiftgen\n";
		};
		A3A103380A2F85ECCA371A3F /* [CP] Embed Pods Frameworks */ = {
			isa = PBXShellScriptBuildPhase;
			buildActionMask = 2147483647;
			files = (
			);
			inputFileListPaths = (
				"${PODS_ROOT}/Target Support Files/Pods-PenPrntVendor-PenPrntVendorUITests/Pods-PenPrntVendor-PenPrntVendorUITests-frameworks-${CONFIGURATION}-input-files.xcfilelist",
			);
			name = "[CP] Embed Pods Frameworks";
			outputFileListPaths = (
				"${PODS_ROOT}/Target Support Files/Pods-PenPrntVendor-PenPrntVendorUITests/Pods-PenPrntVendor-PenPrntVendorUITests-frameworks-${CONFIGURATION}-output-files.xcfilelist",
			);
			runOnlyForDeploymentPostprocessing = 0;
			shellPath = /bin/sh;
			shellScript = "\"${PODS_ROOT}/Target Support Files/Pods-PenPrntVendor-PenPrntVendorUITests/Pods-PenPrntVendor-PenPrntVendorUITests-frameworks.sh\"\n";
			showEnvVarsInLog = 0;
		};
		A517487A06AC8461F50E505B /* [CP] Copy Pods Resources */ = {
			isa = PBXShellScriptBuildPhase;
			buildActionMask = 2147483647;
			files = (
			);
			inputFileListPaths = (
				"${PODS_ROOT}/Target Support Files/Pods-PenPrntVendor-PenPrntVendorUITests/Pods-PenPrntVendor-PenPrntVendorUITests-resources-${CONFIGURATION}-input-files.xcfilelist",
			);
			name = "[CP] Copy Pods Resources";
			outputFileListPaths = (
				"${PODS_ROOT}/Target Support Files/Pods-PenPrntVendor-PenPrntVendorUITests/Pods-PenPrntVendor-PenPrntVendorUITests-resources-${CONFIGURATION}-output-files.xcfilelist",
			);
			runOnlyForDeploymentPostprocessing = 0;
			shellPath = /bin/sh;
			shellScript = "\"${PODS_ROOT}/Target Support Files/Pods-PenPrntVendor-PenPrntVendorUITests/Pods-PenPrntVendor-PenPrntVendorUITests-resources.sh\"\n";
			showEnvVarsInLog = 0;
		};
		C881C2E396837C213D8C4E2C /* [CP] Copy Pods Resources */ = {
			isa = PBXShellScriptBuildPhase;
			buildActionMask = 2147483647;
			files = (
			);
			inputFileListPaths = (
				"${PODS_ROOT}/Target Support Files/Pods-PenPrntVendor/Pods-PenPrntVendor-resources-${CONFIGURATION}-input-files.xcfilelist",
			);
			name = "[CP] Copy Pods Resources";
			outputFileListPaths = (
				"${PODS_ROOT}/Target Support Files/Pods-PenPrntVendor/Pods-PenPrntVendor-resources-${CONFIGURATION}-output-files.xcfilelist",
			);
			runOnlyForDeploymentPostprocessing = 0;
			shellPath = /bin/sh;
			shellScript = "\"${PODS_ROOT}/Target Support Files/Pods-PenPrntVendor/Pods-PenPrntVendor-resources.sh\"\n";
			showEnvVarsInLog = 0;
		};
		E0786C3E37D6CF3796810173 /* [CP] Check Pods Manifest.lock */ = {
			isa = PBXShellScriptBuildPhase;
			buildActionMask = 2147483647;
			files = (
			);
			inputFileListPaths = (
			);
			inputPaths = (
				"${PODS_PODFILE_DIR_PATH}/Podfile.lock",
				"${PODS_ROOT}/Manifest.lock",
			);
			name = "[CP] Check Pods Manifest.lock";
			outputFileListPaths = (
			);
			outputPaths = (
				"$(DERIVED_FILE_DIR)/Pods-PenPrntVendorTests-checkManifestLockResult.txt",
			);
			runOnlyForDeploymentPostprocessing = 0;
			shellPath = /bin/sh;
			shellScript = "diff \"${PODS_PODFILE_DIR_PATH}/Podfile.lock\" \"${PODS_ROOT}/Manifest.lock\" > /dev/null\nif [ $? != 0 ] ; then\n    # print error to STDERR\n    echo \"error: The sandbox is not in sync with the Podfile.lock. Run 'pod install' or update your CocoaPods installation.\" >&2\n    exit 1\nfi\n# This output is used by Xcode 'outputs' to avoid re-running this script phase.\necho \"SUCCESS\" > \"${SCRIPT_OUTPUT_FILE_0}\"\n";
			showEnvVarsInLog = 0;
		};
/* End PBXShellScriptBuildPhase section */

/* Begin PBXSourcesBuildPhase section */
		969A50A326093951002990FB /* Sources */ = {
			isa = PBXSourcesBuildPhase;
			buildActionMask = 2147483647;
			files = (
				96886C0F260BB9D200E154F3 /* MapExtension.swift in Sources */,
				963605B3262086720085ADC2 /* OrderStatusViewModel.swift in Sources */,
				96A39CD8260F6231003743F5 /* OrdersStatusVC.swift in Sources */,
				9606CD0F260E0E75004EF042 /* APIRouter.swift in Sources */,
				96C863C5261CD0AE004D78BE /* OrderViewModal.swift in Sources */,
				969AFA2A261E566F0053007D /* UIColor.swift in Sources */,
				96F2727A2617719E005EC012 /* SignUpViewModal.swift in Sources */,
				969A512F26094A38002990FB /* UIViewController+Create.swift in Sources */,
				96886C14260BBE3A00E154F3 /* MapVCView.swift in Sources */,
				963EE2C7260A81E3003E56DA /* UIButton.swift in Sources */,
				969A512126094662002990FB /* UIView.swift in Sources */,
				96E60F65260D078D001646BF /* LoginPhoneView.swift in Sources */,
				963605BC26208BE00085ADC2 /* ProductInfoViewModal.swift in Sources */,
				96E60F5D260D077A001646BF /* LoginPhoneVC.swift in Sources */,
				96F272B126177AE7005EC012 /* SignInViewModel.swift in Sources */,
				969A50F026093A1A002990FB /* AssetsManager.swift in Sources */,
				969A510D26093B94002990FB /* Colors.swift in Sources */,
				9606CD14260E1101004EF042 /* APIManager.swift in Sources */,
				963EE288260A78E9003E56DA /* SignInVC.swift in Sources */,
				969A50AF26093951002990FB /* WelcomeVC.swift in Sources */,
				96A39CFA260F8F28003743F5 /* ProductInfoVC.swift in Sources */,
				963EE28D260A7932003E56DA /* SignInView.swift in Sources */,
				96E60F94260D152C001646BF /* PhoneVerifyVC.swift in Sources */,
				96A39CE6260F6369003743F5 /* OrdersStatusTableViewCell.swift in Sources */,
				96A39CE0260F627A003743F5 /* OrdersStatusView.swift in Sources */,
				96886C22260BC16000E154F3 /* TabBarController.swift in Sources */,
				969A50FF26093B0F002990FB /* Strings.swift in Sources */,
				96F272B726177C3A005EC012 /* WelcomeViewModal.swift in Sources */,
				96EA204B2618862700900CE9 /* MyProductsTableViewCell.swift in Sources */,
				96A39CC8260F4B0E003743F5 /* OrdersTableViewCell.swift in Sources */,
				96EA2040261885ED00900CE9 /* MyProductsVC.swift in Sources */,
				9674DCE5262103420078B51C /* productModel.swift in Sources */,
				969A50AB26093951002990FB /* AppDelegate.swift in Sources */,
				963EE2CD260A87BB003E56DA /* SignUpView.swift in Sources */,
				96EA20452618860200900CE9 /* MyProductsView.swift in Sources */,
				96A39CBE260F4A40003743F5 /* OrdersVC.swift in Sources */,
				969A50AD26093951002990FB /* SceneDelegate.swift in Sources */,
				96A39D02260F8F3D003743F5 /* ProductInfoView.swift in Sources */,
				96F272AB261777D8005EC012 /* Validator.swift in Sources */,
				96A39CC3260F4A59003743F5 /* OrdersView.swift in Sources */,
				9606CD0A260E0E19004EF042 /* UserDefaultManager.swift in Sources */,
				96C863BF261CCE58004D78BE /* OrderModal.swift in Sources */,
				969A511B260944FB002990FB /* WelcomeView.swift in Sources */,
				96921831261BA1FE00884CFE /* AuthModal.swift in Sources */,
				96E60F8C260D151C001646BF /* PhoneVerifyView.swift in Sources */,
				96886C07260BB99E00E154F3 /* MapVC.swift in Sources */,
				963EE2D5260A87CB003E56DA /* SignUpVC.swift in Sources */,
				969A5126260949BB002990FB /* Constants.swift in Sources */,
			);
			runOnlyForDeploymentPostprocessing = 0;
		};
		969A50B926093952002990FB /* Sources */ = {
			isa = PBXSourcesBuildPhase;
			buildActionMask = 2147483647;
			files = (
				969A50C226093952002990FB /* PenPrntVendorTests.swift in Sources */,
			);
			runOnlyForDeploymentPostprocessing = 0;
		};
		969A50C426093952002990FB /* Sources */ = {
			isa = PBXSourcesBuildPhase;
			buildActionMask = 2147483647;
			files = (
				969A50CD26093952002990FB /* PenPrntVendorUITests.swift in Sources */,
			);
			runOnlyForDeploymentPostprocessing = 0;
		};
/* End PBXSourcesBuildPhase section */

/* Begin PBXTargetDependency section */
		969A50BF26093952002990FB /* PBXTargetDependency */ = {
			isa = PBXTargetDependency;
			target = 969A50A626093951002990FB /* PenPrntVendor */;
			targetProxy = 969A50BE26093952002990FB /* PBXContainerItemProxy */;
		};
		969A50CA26093952002990FB /* PBXTargetDependency */ = {
			isa = PBXTargetDependency;
			target = 969A50A626093951002990FB /* PenPrntVendor */;
			targetProxy = 969A50C926093952002990FB /* PBXContainerItemProxy */;
		};
/* End PBXTargetDependency section */

/* Begin PBXVariantGroup section */
		969A50B026093951002990FB /* Main.storyboard */ = {
			isa = PBXVariantGroup;
			children = (
				969A50B126093951002990FB /* Base */,
			);
			name = Main.storyboard;
			sourceTree = "<group>";
		};
		969A50B526093952002990FB /* LaunchScreen.storyboard */ = {
			isa = PBXVariantGroup;
			children = (
				969A50B626093952002990FB /* Base */,
			);
			name = LaunchScreen.storyboard;
			sourceTree = "<group>";
		};
/* End PBXVariantGroup section */

/* Begin XCBuildConfiguration section */
		969A50CF26093952002990FB /* Debug */ = {
			isa = XCBuildConfiguration;
			buildSettings = {
				ALWAYS_SEARCH_USER_PATHS = NO;
				CLANG_ANALYZER_NONNULL = YES;
				CLANG_ANALYZER_NUMBER_OBJECT_CONVERSION = YES_AGGRESSIVE;
				CLANG_CXX_LANGUAGE_STANDARD = "gnu++14";
				CLANG_CXX_LIBRARY = "libc++";
				CLANG_ENABLE_MODULES = YES;
				CLANG_ENABLE_OBJC_ARC = YES;
				CLANG_ENABLE_OBJC_WEAK = YES;
				CLANG_WARN_BLOCK_CAPTURE_AUTORELEASING = YES;
				CLANG_WARN_BOOL_CONVERSION = YES;
				CLANG_WARN_COMMA = YES;
				CLANG_WARN_CONSTANT_CONVERSION = YES;
				CLANG_WARN_DEPRECATED_OBJC_IMPLEMENTATIONS = YES;
				CLANG_WARN_DIRECT_OBJC_ISA_USAGE = YES_ERROR;
				CLANG_WARN_DOCUMENTATION_COMMENTS = YES;
				CLANG_WARN_EMPTY_BODY = YES;
				CLANG_WARN_ENUM_CONVERSION = YES;
				CLANG_WARN_INFINITE_RECURSION = YES;
				CLANG_WARN_INT_CONVERSION = YES;
				CLANG_WARN_NON_LITERAL_NULL_CONVERSION = YES;
				CLANG_WARN_OBJC_IMPLICIT_RETAIN_SELF = YES;
				CLANG_WARN_OBJC_LITERAL_CONVERSION = YES;
				CLANG_WARN_OBJC_ROOT_CLASS = YES_ERROR;
				CLANG_WARN_QUOTED_INCLUDE_IN_FRAMEWORK_HEADER = YES;
				CLANG_WARN_RANGE_LOOP_ANALYSIS = YES;
				CLANG_WARN_STRICT_PROTOTYPES = YES;
				CLANG_WARN_SUSPICIOUS_MOVE = YES;
				CLANG_WARN_UNGUARDED_AVAILABILITY = YES_AGGRESSIVE;
				CLANG_WARN_UNREACHABLE_CODE = YES;
				CLANG_WARN__DUPLICATE_METHOD_MATCH = YES;
				COPY_PHASE_STRIP = NO;
				DEBUG_INFORMATION_FORMAT = dwarf;
				ENABLE_STRICT_OBJC_MSGSEND = YES;
				ENABLE_TESTABILITY = YES;
				GCC_C_LANGUAGE_STANDARD = gnu11;
				GCC_DYNAMIC_NO_PIC = NO;
				GCC_NO_COMMON_BLOCKS = YES;
				GCC_OPTIMIZATION_LEVEL = 0;
				GCC_PREPROCESSOR_DEFINITIONS = (
					"DEBUG=1",
					"$(inherited)",
				);
				GCC_WARN_64_TO_32_BIT_CONVERSION = YES;
				GCC_WARN_ABOUT_RETURN_TYPE = YES_ERROR;
				GCC_WARN_UNDECLARED_SELECTOR = YES;
				GCC_WARN_UNINITIALIZED_AUTOS = YES_AGGRESSIVE;
				GCC_WARN_UNUSED_FUNCTION = YES;
				GCC_WARN_UNUSED_VARIABLE = YES;
				IPHONEOS_DEPLOYMENT_TARGET = 14.4;
				MTL_ENABLE_DEBUG_INFO = INCLUDE_SOURCE;
				MTL_FAST_MATH = YES;
				ONLY_ACTIVE_ARCH = YES;
				SDKROOT = iphoneos;
				SWIFT_ACTIVE_COMPILATION_CONDITIONS = DEBUG;
				SWIFT_OPTIMIZATION_LEVEL = "-Onone";
			};
			name = Debug;
		};
		969A50D026093952002990FB /* Release */ = {
			isa = XCBuildConfiguration;
			buildSettings = {
				ALWAYS_SEARCH_USER_PATHS = NO;
				CLANG_ANALYZER_NONNULL = YES;
				CLANG_ANALYZER_NUMBER_OBJECT_CONVERSION = YES_AGGRESSIVE;
				CLANG_CXX_LANGUAGE_STANDARD = "gnu++14";
				CLANG_CXX_LIBRARY = "libc++";
				CLANG_ENABLE_MODULES = YES;
				CLANG_ENABLE_OBJC_ARC = YES;
				CLANG_ENABLE_OBJC_WEAK = YES;
				CLANG_WARN_BLOCK_CAPTURE_AUTORELEASING = YES;
				CLANG_WARN_BOOL_CONVERSION = YES;
				CLANG_WARN_COMMA = YES;
				CLANG_WARN_CONSTANT_CONVERSION = YES;
				CLANG_WARN_DEPRECATED_OBJC_IMPLEMENTATIONS = YES;
				CLANG_WARN_DIRECT_OBJC_ISA_USAGE = YES_ERROR;
				CLANG_WARN_DOCUMENTATION_COMMENTS = YES;
				CLANG_WARN_EMPTY_BODY = YES;
				CLANG_WARN_ENUM_CONVERSION = YES;
				CLANG_WARN_INFINITE_RECURSION = YES;
				CLANG_WARN_INT_CONVERSION = YES;
				CLANG_WARN_NON_LITERAL_NULL_CONVERSION = YES;
				CLANG_WARN_OBJC_IMPLICIT_RETAIN_SELF = YES;
				CLANG_WARN_OBJC_LITERAL_CONVERSION = YES;
				CLANG_WARN_OBJC_ROOT_CLASS = YES_ERROR;
				CLANG_WARN_QUOTED_INCLUDE_IN_FRAMEWORK_HEADER = YES;
				CLANG_WARN_RANGE_LOOP_ANALYSIS = YES;
				CLANG_WARN_STRICT_PROTOTYPES = YES;
				CLANG_WARN_SUSPICIOUS_MOVE = YES;
				CLANG_WARN_UNGUARDED_AVAILABILITY = YES_AGGRESSIVE;
				CLANG_WARN_UNREACHABLE_CODE = YES;
				CLANG_WARN__DUPLICATE_METHOD_MATCH = YES;
				COPY_PHASE_STRIP = NO;
				DEBUG_INFORMATION_FORMAT = "dwarf-with-dsym";
				ENABLE_NS_ASSERTIONS = NO;
				ENABLE_STRICT_OBJC_MSGSEND = YES;
				GCC_C_LANGUAGE_STANDARD = gnu11;
				GCC_NO_COMMON_BLOCKS = YES;
				GCC_WARN_64_TO_32_BIT_CONVERSION = YES;
				GCC_WARN_ABOUT_RETURN_TYPE = YES_ERROR;
				GCC_WARN_UNDECLARED_SELECTOR = YES;
				GCC_WARN_UNINITIALIZED_AUTOS = YES_AGGRESSIVE;
				GCC_WARN_UNUSED_FUNCTION = YES;
				GCC_WARN_UNUSED_VARIABLE = YES;
				IPHONEOS_DEPLOYMENT_TARGET = 14.4;
				MTL_ENABLE_DEBUG_INFO = NO;
				MTL_FAST_MATH = YES;
				SDKROOT = iphoneos;
				SWIFT_COMPILATION_MODE = wholemodule;
				SWIFT_OPTIMIZATION_LEVEL = "-O";
				VALIDATE_PRODUCT = YES;
			};
			name = Release;
		};
		969A50D226093952002990FB /* Debug */ = {
			isa = XCBuildConfiguration;
			baseConfigurationReference = 8402BB6B56A20B128188EEC8 /* Pods-PenPrntVendor.debug.xcconfig */;
			buildSettings = {
				ASSETCATALOG_COMPILER_APPICON_NAME = AppIcon;
				ASSETCATALOG_COMPILER_GLOBAL_ACCENT_COLOR_NAME = AccentColor;
				CODE_SIGN_STYLE = Automatic;
				DEVELOPMENT_TEAM = K8C84U26G9;
				INFOPLIST_FILE = PenPrntVendor/Info.plist;
				LD_RUNPATH_SEARCH_PATHS = (
					"$(inherited)",
					"@executable_path/Frameworks",
				);
				PRODUCT_BUNDLE_IDENTIFIER = sebaie.PenPrntVendor;
				PRODUCT_NAME = "$(TARGET_NAME)";
				SWIFT_VERSION = 5.0;
				TARGETED_DEVICE_FAMILY = "1,2";
			};
			name = Debug;
		};
		969A50D326093952002990FB /* Release */ = {
			isa = XCBuildConfiguration;
			baseConfigurationReference = 155FC5773B0E4F4900CBE770 /* Pods-PenPrntVendor.release.xcconfig */;
			buildSettings = {
				ASSETCATALOG_COMPILER_APPICON_NAME = AppIcon;
				ASSETCATALOG_COMPILER_GLOBAL_ACCENT_COLOR_NAME = AccentColor;
				CODE_SIGN_STYLE = Automatic;
				DEVELOPMENT_TEAM = K8C84U26G9;
				INFOPLIST_FILE = PenPrntVendor/Info.plist;
				LD_RUNPATH_SEARCH_PATHS = (
					"$(inherited)",
					"@executable_path/Frameworks",
				);
				PRODUCT_BUNDLE_IDENTIFIER = sebaie.PenPrntVendor;
				PRODUCT_NAME = "$(TARGET_NAME)";
				SWIFT_VERSION = 5.0;
				TARGETED_DEVICE_FAMILY = "1,2";
			};
			name = Release;
		};
		969A50D526093952002990FB /* Debug */ = {
			isa = XCBuildConfiguration;
			baseConfigurationReference = 62ABCB7BFBC7C505CCCB0166 /* Pods-PenPrntVendorTests.debug.xcconfig */;
			buildSettings = {
				ALWAYS_EMBED_SWIFT_STANDARD_LIBRARIES = YES;
				BUNDLE_LOADER = "$(TEST_HOST)";
				CODE_SIGN_STYLE = Automatic;
				INFOPLIST_FILE = PenPrntVendorTests/Info.plist;
				IPHONEOS_DEPLOYMENT_TARGET = 14.4;
				LD_RUNPATH_SEARCH_PATHS = (
					"$(inherited)",
					"@executable_path/Frameworks",
					"@loader_path/Frameworks",
				);
				PRODUCT_BUNDLE_IDENTIFIER = sebaie.PenPrntVendorTests;
				PRODUCT_NAME = "$(TARGET_NAME)";
				SWIFT_VERSION = 5.0;
				TARGETED_DEVICE_FAMILY = "1,2";
				TEST_HOST = "$(BUILT_PRODUCTS_DIR)/PenPrntVendor.app/PenPrntVendor";
			};
			name = Debug;
		};
		969A50D626093952002990FB /* Release */ = {
			isa = XCBuildConfiguration;
			baseConfigurationReference = 68E127B5FCD1D981791A7581 /* Pods-PenPrntVendorTests.release.xcconfig */;
			buildSettings = {
				ALWAYS_EMBED_SWIFT_STANDARD_LIBRARIES = YES;
				BUNDLE_LOADER = "$(TEST_HOST)";
				CODE_SIGN_STYLE = Automatic;
				INFOPLIST_FILE = PenPrntVendorTests/Info.plist;
				IPHONEOS_DEPLOYMENT_TARGET = 14.4;
				LD_RUNPATH_SEARCH_PATHS = (
					"$(inherited)",
					"@executable_path/Frameworks",
					"@loader_path/Frameworks",
				);
				PRODUCT_BUNDLE_IDENTIFIER = sebaie.PenPrntVendorTests;
				PRODUCT_NAME = "$(TARGET_NAME)";
				SWIFT_VERSION = 5.0;
				TARGETED_DEVICE_FAMILY = "1,2";
				TEST_HOST = "$(BUILT_PRODUCTS_DIR)/PenPrntVendor.app/PenPrntVendor";
			};
			name = Release;
		};
		969A50D826093952002990FB /* Debug */ = {
			isa = XCBuildConfiguration;
			baseConfigurationReference = 608579A19586AA8D4754CB92 /* Pods-PenPrntVendor-PenPrntVendorUITests.debug.xcconfig */;
			buildSettings = {
				ALWAYS_EMBED_SWIFT_STANDARD_LIBRARIES = YES;
				CODE_SIGN_STYLE = Automatic;
				INFOPLIST_FILE = PenPrntVendorUITests/Info.plist;
				LD_RUNPATH_SEARCH_PATHS = (
					"$(inherited)",
					"@executable_path/Frameworks",
					"@loader_path/Frameworks",
				);
				PRODUCT_BUNDLE_IDENTIFIER = sebaie.PenPrntVendorUITests;
				PRODUCT_NAME = "$(TARGET_NAME)";
				SWIFT_VERSION = 5.0;
				TARGETED_DEVICE_FAMILY = "1,2";
				TEST_TARGET_NAME = PenPrntVendor;
			};
			name = Debug;
		};
		969A50D926093952002990FB /* Release */ = {
			isa = XCBuildConfiguration;
			baseConfigurationReference = 3514B9E05F0165DFEC3812FE /* Pods-PenPrntVendor-PenPrntVendorUITests.release.xcconfig */;
			buildSettings = {
				ALWAYS_EMBED_SWIFT_STANDARD_LIBRARIES = YES;
				CODE_SIGN_STYLE = Automatic;
				INFOPLIST_FILE = PenPrntVendorUITests/Info.plist;
				LD_RUNPATH_SEARCH_PATHS = (
					"$(inherited)",
					"@executable_path/Frameworks",
					"@loader_path/Frameworks",
				);
				PRODUCT_BUNDLE_IDENTIFIER = sebaie.PenPrntVendorUITests;
				PRODUCT_NAME = "$(TARGET_NAME)";
				SWIFT_VERSION = 5.0;
				TARGETED_DEVICE_FAMILY = "1,2";
				TEST_TARGET_NAME = PenPrntVendor;
			};
			name = Release;
		};
/* End XCBuildConfiguration section */

/* Begin XCConfigurationList section */
		969A50A226093951002990FB /* Build configuration list for PBXProject "PenPrntVendor" */ = {
			isa = XCConfigurationList;
			buildConfigurations = (
				969A50CF26093952002990FB /* Debug */,
				969A50D026093952002990FB /* Release */,
			);
			defaultConfigurationIsVisible = 0;
			defaultConfigurationName = Release;
		};
		969A50D126093952002990FB /* Build configuration list for PBXNativeTarget "PenPrntVendor" */ = {
			isa = XCConfigurationList;
			buildConfigurations = (
				969A50D226093952002990FB /* Debug */,
				969A50D326093952002990FB /* Release */,
			);
			defaultConfigurationIsVisible = 0;
			defaultConfigurationName = Release;
		};
		969A50D426093952002990FB /* Build configuration list for PBXNativeTarget "PenPrntVendorTests" */ = {
			isa = XCConfigurationList;
			buildConfigurations = (
				969A50D526093952002990FB /* Debug */,
				969A50D626093952002990FB /* Release */,
			);
			defaultConfigurationIsVisible = 0;
			defaultConfigurationName = Release;
		};
		969A50D726093952002990FB /* Build configuration list for PBXNativeTarget "PenPrntVendorUITests" */ = {
			isa = XCConfigurationList;
			buildConfigurations = (
				969A50D826093952002990FB /* Debug */,
				969A50D926093952002990FB /* Release */,
			);
			defaultConfigurationIsVisible = 0;
			defaultConfigurationName = Release;
		};
/* End XCConfigurationList section */
	};
	rootObject = 969A509F26093951002990FB /* Project object */;
}
